
Microsoft Visual Studio Solution File, Format Version 12.00
# Visual Studio Version 17
VisualStudioVersion = 17.8.34330.188
MinimumVisualStudioVersion = 10.0.40219.1
Project("{9A19103F-16F7-4668-BE54-9A1E7A4F7556}") = "Thread_Example_1", "AsynchronousAndPLINQ\Thread_Example_1.csproj", "{A755DF3E-01E9-48D8-A9ED-2D33A11A22D6}"
EndProject
Project("{2150E333-8FDC-42A3-9474-1A3956D46DE8}") = "StartThread", "StartThread", "{823A375C-A6AE-4C61-977B-C92EA491C6B0}"
EndProject
Project("{9A19103F-16F7-4668-BE54-9A1E7A4F7556}") = "Thread_Example_2", "Thread_Example_2\Thread_Example_2.csproj", "{D097A1A3-A646-47D7-896B-DE7A116CBBDF}"
EndProject
Project("{9A19103F-16F7-4668-BE54-9A1E7A4F7556}") = "Thread_Example_3", "Thread_Example_3\Thread_Example_3.csproj", "{B917E0E4-38D7-4DF9-8B0C-F1C78E8444CF}"
EndProject
Project("{2150E333-8FDC-42A3-9474-1A3956D46DE8}") = "Multi-ThreadedFundamentals", "Multi-ThreadedFundamentals", "{863F281F-FB49-45E8-8B96-65261F503542}"
EndProject
Project("{9A19103F-16F7-4668-BE54-9A1E7A4F7556}") = "RaceConditions", "RaceConditions\RaceConditions.csproj", "{32879DCA-2BA5-4E91-8211-AA0F1395C71E}"
EndProject
Project("{9A19103F-16F7-4668-BE54-9A1E7A4F7556}") = "TheLockStatement_1", "TheLockStatement\TheLockStatement_1.csproj", "{B0AA1462-0D7C-4D44-9FBD-4A1F5E700490}"
EndProject
Project("{9A19103F-16F7-4668-BE54-9A1E7A4F7556}") = "TheLockStatement_2", "TheLockStatement_2\TheLockStatement_2.csproj", "{E4626075-547E-4E18-9C1E-FE6F661BDD19}"
EndProject
Project("{9A19103F-16F7-4668-BE54-9A1E7A4F7556}") = "TheLockStatement_3", "TheLockStatement_3\TheLockStatement_3.csproj", "{48E118E5-F120-405A-9B8C-0EC206681CE9}"
EndProject
Project("{2150E333-8FDC-42A3-9474-1A3956D46DE8}") = "TheLockStatement", "TheLockStatement", "{E2A32E82-38A8-4D08-BE36-FB11791C1D44}"
EndProject
Project("{FAE04EC0-301F-11D3-BF4B-00C04F79EFBC}") = "Synchronisation", "Synchronisation\Synchronisation.csproj", "{66301F0C-C4A6-40F8-8F49-799CDACF1405}"
EndProject
Project("{FAE04EC0-301F-11D3-BF4B-00C04F79EFBC}") = "WorkWithTasks", "WorkWithTasks\WorkWithTasks.csproj", "{A3D62892-F7B3-4E27-AC3C-47E836F54B70}"
EndProject
Global
	GlobalSection(SolutionConfigurationPlatforms) = preSolution
		Debug|Any CPU = Debug|Any CPU
		Release|Any CPU = Release|Any CPU
	EndGlobalSection
	GlobalSection(ProjectConfigurationPlatforms) = postSolution
		{A755DF3E-01E9-48D8-A9ED-2D33A11A22D6}.Debug|Any CPU.ActiveCfg = Debug|Any CPU
		{A755DF3E-01E9-48D8-A9ED-2D33A11A22D6}.Debug|Any CPU.Build.0 = Debug|Any CPU
		{A755DF3E-01E9-48D8-A9ED-2D33A11A22D6}.Release|Any CPU.ActiveCfg = Release|Any CPU
		{A755DF3E-01E9-48D8-A9ED-2D33A11A22D6}.Release|Any CPU.Build.0 = Release|Any CPU
		{D097A1A3-A646-47D7-896B-DE7A116CBBDF}.Debug|Any CPU.ActiveCfg = Debug|Any CPU
		{D097A1A3-A646-47D7-896B-DE7A116CBBDF}.Debug|Any CPU.Build.0 = Debug|Any CPU
		{D097A1A3-A646-47D7-896B-DE7A116CBBDF}.Release|Any CPU.ActiveCfg = Release|Any CPU
		{D097A1A3-A646-47D7-896B-DE7A116CBBDF}.Release|Any CPU.Build.0 = Release|Any CPU
		{B917E0E4-38D7-4DF9-8B0C-F1C78E8444CF}.Debug|Any CPU.ActiveCfg = Debug|Any CPU
		{B917E0E4-38D7-4DF9-8B0C-F1C78E8444CF}.Debug|Any CPU.Build.0 = Debug|Any CPU
		{B917E0E4-38D7-4DF9-8B0C-F1C78E8444CF}.Release|Any CPU.ActiveCfg = Release|Any CPU
		{B917E0E4-38D7-4DF9-8B0C-F1C78E8444CF}.Release|Any CPU.Build.0 = Release|Any CPU
		{32879DCA-2BA5-4E91-8211-AA0F1395C71E}.Debug|Any CPU.ActiveCfg = Debug|Any CPU
		{32879DCA-2BA5-4E91-8211-AA0F1395C71E}.Debug|Any CPU.Build.0 = Debug|Any CPU
		{32879DCA-2BA5-4E91-8211-AA0F1395C71E}.Release|Any CPU.ActiveCfg = Release|Any CPU
		{32879DCA-2BA5-4E91-8211-AA0F1395C71E}.Release|Any CPU.Build.0 = Release|Any CPU
		{B0AA1462-0D7C-4D44-9FBD-4A1F5E700490}.Debug|Any CPU.ActiveCfg = Debug|Any CPU
		{B0AA1462-0D7C-4D44-9FBD-4A1F5E700490}.Debug|Any CPU.Build.0 = Debug|Any CPU
		{B0AA1462-0D7C-4D44-9FBD-4A1F5E700490}.Release|Any CPU.ActiveCfg = Release|Any CPU
		{B0AA1462-0D7C-4D44-9FBD-4A1F5E700490}.Release|Any CPU.Build.0 = Release|Any CPU
		{E4626075-547E-4E18-9C1E-FE6F661BDD19}.Debug|Any CPU.ActiveCfg = Debug|Any CPU
		{E4626075-547E-4E18-9C1E-FE6F661BDD19}.Debug|Any CPU.Build.0 = Debug|Any CPU
		{E4626075-547E-4E18-9C1E-FE6F661BDD19}.Release|Any CPU.ActiveCfg = Release|Any CPU
		{E4626075-547E-4E18-9C1E-FE6F661BDD19}.Release|Any CPU.Build.0 = Release|Any CPU
		{48E118E5-F120-405A-9B8C-0EC206681CE9}.Debug|Any CPU.ActiveCfg = Debug|Any CPU
		{48E118E5-F120-405A-9B8C-0EC206681CE9}.Debug|Any CPU.Build.0 = Debug|Any CPU
		{48E118E5-F120-405A-9B8C-0EC206681CE9}.Release|Any CPU.ActiveCfg = Release|Any CPU
		{48E118E5-F120-405A-9B8C-0EC206681CE9}.Release|Any CPU.Build.0 = Release|Any CPU
		{66301F0C-C4A6-40F8-8F49-799CDACF1405}.Debug|Any CPU.ActiveCfg = Debug|Any CPU
		{66301F0C-C4A6-40F8-8F49-799CDACF1405}.Debug|Any CPU.Build.0 = Debug|Any CPU
		{66301F0C-C4A6-40F8-8F49-799CDACF1405}.Release|Any CPU.ActiveCfg = Release|Any CPU
		{66301F0C-C4A6-40F8-8F49-799CDACF1405}.Release|Any CPU.Build.0 = Release|Any CPU
		{A3D62892-F7B3-4E27-AC3C-47E836F54B70}.Debug|Any CPU.ActiveCfg = Debug|Any CPU
		{A3D62892-F7B3-4E27-AC3C-47E836F54B70}.Debug|Any CPU.Build.0 = Debug|Any CPU
		{A3D62892-F7B3-4E27-AC3C-47E836F54B70}.Release|Any CPU.ActiveCfg = Release|Any CPU
		{A3D62892-F7B3-4E27-AC3C-47E836F54B70}.Release|Any CPU.Build.0 = Release|Any CPU
	EndGlobalSection
	GlobalSection(SolutionProperties) = preSolution
		HideSolutionNode = FALSE
	EndGlobalSection
	GlobalSection(NestedProjects) = preSolution
		{A755DF3E-01E9-48D8-A9ED-2D33A11A22D6} = {823A375C-A6AE-4C61-977B-C92EA491C6B0}
		{823A375C-A6AE-4C61-977B-C92EA491C6B0} = {863F281F-FB49-45E8-8B96-65261F503542}
		{D097A1A3-A646-47D7-896B-DE7A116CBBDF} = {823A375C-A6AE-4C61-977B-C92EA491C6B0}
		{B917E0E4-38D7-4DF9-8B0C-F1C78E8444CF} = {823A375C-A6AE-4C61-977B-C92EA491C6B0}
		{32879DCA-2BA5-4E91-8211-AA0F1395C71E} = {863F281F-FB49-45E8-8B96-65261F503542}
		{B0AA1462-0D7C-4D44-9FBD-4A1F5E700490} = {E2A32E82-38A8-4D08-BE36-FB11791C1D44}
		{E4626075-547E-4E18-9C1E-FE6F661BDD19} = {E2A32E82-38A8-4D08-BE36-FB11791C1D44}
		{48E118E5-F120-405A-9B8C-0EC206681CE9} = {E2A32E82-38A8-4D08-BE36-FB11791C1D44}
		{E2A32E82-38A8-4D08-BE36-FB11791C1D44} = {863F281F-FB49-45E8-8B96-65261F503542}
		{66301F0C-C4A6-40F8-8F49-799CDACF1405} = {863F281F-FB49-45E8-8B96-65261F503542}
		{A3D62892-F7B3-4E27-AC3C-47E836F54B70} = {863F281F-FB49-45E8-8B96-65261F503542}
	EndGlobalSection
	GlobalSection(ExtensibilityGlobals) = postSolution
		SolutionGuid = {E4957680-1F93-4A79-BB21-0E964682CDA5}
	EndGlobalSection
EndGlobal
